
Microsoft Visual Studio Solution File, Format Version 12.00
# Visual Studio Version 17
VisualStudioVersion = 17.3.32922.545
MinimumVisualStudioVersion = 10.0.40219.1
Project("{FAE04EC0-301F-11D3-BF4B-00C04F79EFBC}") = "Calculadora", "Calculadora\Calculadora.csproj", "{232609CB-A115-472E-9474-1955198BE4F5}"
EndProject
Global
	GlobalSection(SolutionConfigurationPlatforms) = preSolution
		Debug|Any CPU = Debug|Any CPU
		Release|Any CPU = Release|Any CPU
	EndGlobalSection
	GlobalSection(ProjectConfigurationPlatforms) = postSolution
		{232609CB-A115-472E-9474-1955198BE4F5}.Debug|Any CPU.ActiveCfg = Debug|Any CPU
		{232609CB-A115-472E-9474-1955198BE4F5}.Debug|Any CPU.Build.0 = Debug|Any CPU
		{232609CB-A115-472E-9474-1955198BE4F5}.Release|Any CPU.ActiveCfg = Release|Any CPU
		{232609CB-A115-472E-9474-1955198BE4F5}.Release|Any CPU.Build.0 = Release|Any CPU
	EndGlobalSection
	GlobalSection(SolutionProperties) = preSolution
		HideSolutionNode = FALSE
	EndGlobalSection
	GlobalSection(ExtensibilityGlobals) = postSolution
		SolutionGuid = {7A0A4EE1-3540-4254-9CE3-7B2AC8EA9A92}
	EndGlobalSection
EndGlobal
